
Microsoft Visual Studio Solution File, Format Version 12.00
# Visual Studio Version 16
VisualStudioVersion = 16.0.30611.23
MinimumVisualStudioVersion = 10.0.40219.1
Project("{FAE04EC0-301F-11D3-BF4B-00C04F79EFBC}") = "TwsApiTc", "TwsApiTc.csproj", "{FC6B56CA-3B6B-4635-9453-A10906CBB283}"
EndProject
Global
	GlobalSection(SolutionConfigurationPlatforms) = preSolution
		Debug|Any CPU = Debug|Any CPU
		Release|Any CPU = Release|Any CPU
	EndGlobalSection
	GlobalSection(ProjectConfigurationPlatforms) = postSolution
		{FC6B56CA-3B6B-4635-9453-A10906CBB283}.Debug|Any CPU.ActiveCfg = Debug|Any CPU
		{FC6B56CA-3B6B-4635-9453-A10906CBB283}.Debug|Any CPU.Build.0 = Debug|Any CPU
		{FC6B56CA-3B6B-4635-9453-A10906CBB283}.Release|Any CPU.ActiveCfg = Release|Any CPU
		{FC6B56CA-3B6B-4635-9453-A10906CBB283}.Release|Any CPU.Build.0 = Release|Any CPU
	EndGlobalSection
	GlobalSection(SolutionProperties) = preSolution
		HideSolutionNode = FALSE
	EndGlobalSection
	GlobalSection(ExtensibilityGlobals) = postSolution
		SolutionGuid = {A0F7D8EC-83F8-4B9A-8D0F-19CAF4F27046}
	EndGlobalSection
EndGlobal
